PODS:
  - AWSAuthCore (2.6.12):
    - AWSCore (= 2.6.12)
  - AWSAuthUI (2.6.12):
    - AWSAuthCore (= 2.6.12)
    - AWSCore (= 2.6.12)
  - AWSCognitoIdentityProvider (2.6.12):
    - AWSCognitoIdentityProviderASF (= 1.0.1)
    - AWSCore (= 2.6.12)
  - AWSCognitoIdentityProviderASF (1.0.1)
  - AWSCore (2.6.12)

DEPENDENCIES:
  - AWSAuthUI (~> 2.6.6)
  - AWSCognitoIdentityProvider (~> 2.6.6)

SPEC CHECKSUMS:
  AWSAuthCore: 55376d5a47c2b5cefdd3f78d247e0a5496fc25c4
  AWSAuthUI: a6f9a2ca9dbee5908f9ef188d062e56bf30de2fb
  AWSCognitoIdentityProvider: 2b7f74c4d6b63c9e5a3ba55db7453e997afa0566
  AWSCognitoIdentityProviderASF: f94f1a502e72ef3d0a1de93e10bf7a79c8698118
  AWSCore: d0d6e4f6831754aaf98058d2306a016ae71510fe

PODFILE CHECKSUM: 08a53ac933b2e6bef46a7ad7e4f4f603267eeb92

COCOAPODS: 1.4.0
