// !$*UTF8*$!
{
	archiveVersion = 1;
	classes = {
	};
	objectVersion = 48;
	objects = {

/* Begin PBXBuildFile section */
		2CA20656D827DF8DFBC73F22 /* Pods_RunAid.framework in Frameworks */ = {isa = PBXBuildFile; fileRef = F3C27EB44D3B6FCD9ACF8B09 /* Pods_RunAid.framework */; };
		791C46A72044B7B200A47402 /* HomeViewController.swift in Sources */ = {isa = PBXBuildFile; fileRef = 791C46A62044B7B200A47402 /* HomeViewController.swift */; };
		792C3824203EED0E00EF6D8C /* LoginViewController.swift in Sources */ = {isa = PBXBuildFile; fileRef = 792C3823203EED0E00EF6D8C /* LoginViewController.swift */; };
		79B132C5203DEA6A00250A67 /* AppDelegate.swift in Sources */ = {isa = PBXBuildFile; fileRef = 79B132C4203DEA6A00250A67 /* AppDelegate.swift */; };
		79B132C7203DEA6A00250A67 /* ProfileViewController.swift in Sources */ = {isa = PBXBuildFile; fileRef = 79B132C6203DEA6A00250A67 /* ProfileViewController.swift */; };
		79B132C9203DEA6A00250A67 /* SettingsViewController.swift in Sources */ = {isa = PBXBuildFile; fileRef = 79B132C8203DEA6A00250A67 /* SettingsViewController.swift */; };
		79B132CC203DEA6A00250A67 /* Main.storyboard in Resources */ = {isa = PBXBuildFile; fileRef = 79B132CA203DEA6A00250A67 /* Main.storyboard */; };
		79B132CE203DEA6A00250A67 /* Assets.xcassets in Resources */ = {isa = PBXBuildFile; fileRef = 79B132CD203DEA6A00250A67 /* Assets.xcassets */; };
		79B132D1203DEA6A00250A67 /* LaunchScreen.storyboard in Resources */ = {isa = PBXBuildFile; fileRef = 79B132CF203DEA6A00250A67 /* LaunchScreen.storyboard */; };
		79B132DD203DF34E00250A67 /* awsconfiguration.json in Resources */ = {isa = PBXBuildFile; fileRef = 79B132DC203DF34E00250A67 /* awsconfiguration.json */; };
		79D280832045CF4200B44469 /* UIViewControllerExtension.swift in Sources */ = {isa = PBXBuildFile; fileRef = 79D280822045CF4200B44469 /* UIViewControllerExtension.swift */; };
		79D280872045DB0400B44469 /* RoundedButton.swift in Sources */ = {isa = PBXBuildFile; fileRef = 79D280862045DB0400B44469 /* RoundedButton.swift */; };
		79D280892045E60700B44469 /* ColorBorderTextField.swift in Sources */ = {isa = PBXBuildFile; fileRef = 79D280882045E60700B44469 /* ColorBorderTextField.swift */; };
		79D280902046B80200B44469 /* Interface.storyboard in Resources */ = {isa = PBXBuildFile; fileRef = 79D2808E2046B80200B44469 /* Interface.storyboard */; };
		79D280922046B80200B44469 /* Assets.xcassets in Resources */ = {isa = PBXBuildFile; fileRef = 79D280912046B80200B44469 /* Assets.xcassets */; };
		79D280992046B80200B44469 /* RunAidWatchApp Extension.appex in Embed App Extensions */ = {isa = PBXBuildFile; fileRef = 79D280982046B80200B44469 /* RunAidWatchApp Extension.appex */; settings = {ATTRIBUTES = (RemoveHeadersOnCopy, ); }; };
		79D280A02046B80200B44469 /* ExtensionDelegate.swift in Sources */ = {isa = PBXBuildFile; fileRef = 79D2809F2046B80200B44469 /* ExtensionDelegate.swift */; };
		79D280A22046B80200B44469 /* Assets.xcassets in Resources */ = {isa = PBXBuildFile; fileRef = 79D280A12046B80200B44469 /* Assets.xcassets */; };
		79D280A62046B80200B44469 /* RunAidWatchApp.app in Embed Watch Content */ = {isa = PBXBuildFile; fileRef = 79D2808C2046B80200B44469 /* RunAidWatchApp.app */; };
		79D280B42046E04400B44469 /* HomeController.swift in Sources */ = {isa = PBXBuildFile; fileRef = 79D280B32046E04400B44469 /* HomeController.swift */; };
		79FA8113204063B30063099F /* UserRegistrationViewController.swift in Sources */ = {isa = PBXBuildFile; fileRef = 79FA8112204063B30063099F /* UserRegistrationViewController.swift */; };
		79FA8115204072820063099F /* AlertCreatorExtension.swift in Sources */ = {isa = PBXBuildFile; fileRef = 79FA8114204072820063099F /* AlertCreatorExtension.swift */; };
/* End PBXBuildFile section */

/* Begin PBXContainerItemProxy section */
		79D2809A2046B80200B44469 /* PBXContainerItemProxy */ = {
			isa = PBXContainerItemProxy;
			containerPortal = 79B132B9203DEA6A00250A67 /* Project object */;
			proxyType = 1;
			remoteGlobalIDString = 79D280972046B80200B44469;
			remoteInfo = "RunAidWatchApp Extension";
		};
		79D280A42046B80200B44469 /* PBXContainerItemProxy */ = {
			isa = PBXContainerItemProxy;
			containerPortal = 79B132B9203DEA6A00250A67 /* Project object */;
			proxyType = 1;
			remoteGlobalIDString = 79D2808B2046B80200B44469;
			remoteInfo = RunAidWatchApp;
		};
/* End PBXContainerItemProxy section */

/* Begin PBXCopyFilesBuildPhase section */
		79D280AA2046B80200B44469 /* Embed App Extensions */ = {
			isa = PBXCopyFilesBuildPhase;
			buildActionMask = 2147483647;
			dstPath = "";
			dstSubfolderSpec = 13;
			files = (
				79D280992046B80200B44469 /* RunAidWatchApp Extension.appex in Embed App Extensions */,
			);
			name = "Embed App Extensions";
			runOnlyForDeploymentPostprocessing = 0;
		};
		79D280AE2046B80200B44469 /* Embed Watch Content */ = {
			isa = PBXCopyFilesBuildPhase;
			buildActionMask = 2147483647;
			dstPath = "$(CONTENTS_FOLDER_PATH)/Watch";
			dstSubfolderSpec = 16;
			files = (
				79D280A62046B80200B44469 /* RunAidWatchApp.app in Embed Watch Content */,
			);
			name = "Embed Watch Content";
			runOnlyForDeploymentPostprocessing = 0;
		};
/* End PBXCopyFilesBuildPhase section */

/* Begin PBXFileReference section */
		049FAF4354C0D86EE9B17FB0 /* Pods-RunAid.release.xcconfig */ = {isa = PBXFileReference; includeInIndex = 1; lastKnownFileType = text.xcconfig; name = "Pods-RunAid.release.xcconfig"; path = "Pods/Target Support Files/Pods-RunAid/Pods-RunAid.release.xcconfig"; sourceTree = "<group>"; };
		791C46A62044B7B200A47402 /* HomeViewController.swift */ = {isa = PBXFileReference; lastKnownFileType = sourcecode.swift; path = HomeViewController.swift; sourceTree = "<group>"; };
		792C3823203EED0E00EF6D8C /* LoginViewController.swift */ = {isa = PBXFileReference; lastKnownFileType = sourcecode.swift; path = LoginViewController.swift; sourceTree = "<group>"; };
		79B132C1203DEA6A00250A67 /* RunAid.app */ = {isa = PBXFileReference; explicitFileType = wrapper.application; includeInIndex = 0; path = RunAid.app; sourceTree = BUILT_PRODUCTS_DIR; };
		79B132C4203DEA6A00250A67 /* AppDelegate.swift */ = {isa = PBXFileReference; lastKnownFileType = sourcecode.swift; path = AppDelegate.swift; sourceTree = "<group>"; };
		79B132C6203DEA6A00250A67 /* ProfileViewController.swift */ = {isa = PBXFileReference; lastKnownFileType = sourcecode.swift; path = ProfileViewController.swift; sourceTree = "<group>"; };
		79B132C8203DEA6A00250A67 /* SettingsViewController.swift */ = {isa = PBXFileReference; lastKnownFileType = sourcecode.swift; path = SettingsViewController.swift; sourceTree = "<group>"; };
		79B132CB203DEA6A00250A67 /* Base */ = {isa = PBXFileReference; lastKnownFileType = file.storyboard; name = Base; path = Base.lproj/Main.storyboard; sourceTree = "<group>"; };
		79B132CD203DEA6A00250A67 /* Assets.xcassets */ = {isa = PBXFileReference; lastKnownFileType = folder.assetcatalog; path = Assets.xcassets; sourceTree = "<group>"; };
		79B132D0203DEA6A00250A67 /* Base */ = {isa = PBXFileReference; lastKnownFileType = file.storyboard; name = Base; path = Base.lproj/LaunchScreen.storyboard; sourceTree = "<group>"; };
		79B132D2203DEA6A00250A67 /* Info.plist */ = {isa = PBXFileReference; lastKnownFileType = text.plist.xml; path = Info.plist; sourceTree = "<group>"; };
		79B132DC203DF34E00250A67 /* awsconfiguration.json */ = {isa = PBXFileReference; fileEncoding = 4; lastKnownFileType = text.json; path = awsconfiguration.json; sourceTree = "<group>"; };
		79D280822045CF4200B44469 /* UIViewControllerExtension.swift */ = {isa = PBXFileReference; fileEncoding = 4; lastKnownFileType = sourcecode.swift; path = UIViewControllerExtension.swift; sourceTree = "<group>"; };
		79D280862045DB0400B44469 /* RoundedButton.swift */ = {isa = PBXFileReference; fileEncoding = 4; lastKnownFileType = sourcecode.swift; path = RoundedButton.swift; sourceTree = "<group>"; };
		79D280882045E60700B44469 /* ColorBorderTextField.swift */ = {isa = PBXFileReference; lastKnownFileType = sourcecode.swift; path = ColorBorderTextField.swift; sourceTree = "<group>"; };
		79D2808C2046B80200B44469 /* RunAidWatchApp.app */ = {isa = PBXFileReference; explicitFileType = wrapper.application; includeInIndex = 0; path = RunAidWatchApp.app; sourceTree = BUILT_PRODUCTS_DIR; };
		79D2808F2046B80200B44469 /* Base */ = {isa = PBXFileReference; lastKnownFileType = file.storyboard; name = Base; path = Base.lproj/Interface.storyboard; sourceTree = "<group>"; };
		79D280912046B80200B44469 /* Assets.xcassets */ = {isa = PBXFileReference; lastKnownFileType = folder.assetcatalog; path = Assets.xcassets; sourceTree = "<group>"; };
		79D280932046B80200B44469 /* Info.plist */ = {isa = PBXFileReference; lastKnownFileType = text.plist.xml; path = Info.plist; sourceTree = "<group>"; };
		79D280982046B80200B44469 /* RunAidWatchApp Extension.appex */ = {isa = PBXFileReference; explicitFileType = "wrapper.app-extension"; includeInIndex = 0; path = "RunAidWatchApp Extension.appex"; sourceTree = BUILT_PRODUCTS_DIR; };
		79D2809F2046B80200B44469 /* ExtensionDelegate.swift */ = {isa = PBXFileReference; lastKnownFileType = sourcecode.swift; path = ExtensionDelegate.swift; sourceTree = "<group>"; };
		79D280A12046B80200B44469 /* Assets.xcassets */ = {isa = PBXFileReference; lastKnownFileType = folder.assetcatalog; path = Assets.xcassets; sourceTree = "<group>"; };
		79D280A32046B80200B44469 /* Info.plist */ = {isa = PBXFileReference; lastKnownFileType = text.plist.xml; path = Info.plist; sourceTree = "<group>"; };
		79D280B32046E04400B44469 /* HomeController.swift */ = {isa = PBXFileReference; fileEncoding = 4; lastKnownFileType = sourcecode.swift; path = HomeController.swift; sourceTree = "<group>"; };
		79FA8112204063B30063099F /* UserRegistrationViewController.swift */ = {isa = PBXFileReference; lastKnownFileType = sourcecode.swift; path = UserRegistrationViewController.swift; sourceTree = "<group>"; };
		79FA8114204072820063099F /* AlertCreatorExtension.swift */ = {isa = PBXFileReference; lastKnownFileType = sourcecode.swift; path = AlertCreatorExtension.swift; sourceTree = "<group>"; };
		ED89DF6F8BD924F039A9D0F4 /* Pods-RunAid.debug.xcconfig */ = {isa = PBXFileReference; includeInIndex = 1; lastKnownFileType = text.xcconfig; name = "Pods-RunAid.debug.xcconfig"; path = "Pods/Target Support Files/Pods-RunAid/Pods-RunAid.debug.xcconfig"; sourceTree = "<group>"; };
		F3C27EB44D3B6FCD9ACF8B09 /* Pods_RunAid.framework */ = {isa = PBXFileReference; explicitFileType = wrapper.framework; includeInIndex = 0; path = Pods_RunAid.framework; sourceTree = BUILT_PRODUCTS_DIR; };
/* End PBXFileReference section */

/* Begin PBXFrameworksBuildPhase section */
		79B132BE203DEA6A00250A67 /* Frameworks */ = {
			isa = PBXFrameworksBuildPhase;
			buildActionMask = 2147483647;
			files = (
				2CA20656D827DF8DFBC73F22 /* Pods_RunAid.framework in Frameworks */,
			);
			runOnlyForDeploymentPostprocessing = 0;
		};
		79D280952046B80200B44469 /* Frameworks */ = {
			isa = PBXFrameworksBuildPhase;
			buildActionMask = 2147483647;
			files = (
			);
			runOnlyForDeploymentPostprocessing = 0;
		};
/* End PBXFrameworksBuildPhase section */

/* Begin PBXGroup section */
		791C46A82044BEAB00A47402 /* Views */ = {
			isa = PBXGroup;
			children = (
				79B132C6203DEA6A00250A67 /* ProfileViewController.swift */,
				79B132C8203DEA6A00250A67 /* SettingsViewController.swift */,
				791C46A62044B7B200A47402 /* HomeViewController.swift */,
			);
			path = Views;
			sourceTree = "<group>";
		};
		791C46A92044BF4900A47402 /* Utils */ = {
			isa = PBXGroup;
			children = (
				79D280862045DB0400B44469 /* RoundedButton.swift */,
				79FA8114204072820063099F /* AlertCreatorExtension.swift */,
				79D280882045E60700B44469 /* ColorBorderTextField.swift */,
			);
			path = Utils;
			sourceTree = "<group>";
		};
		792C3825203EEDA400EF6D8C /* Authentication */ = {
			isa = PBXGroup;
			children = (
				792C3823203EED0E00EF6D8C /* LoginViewController.swift */,
				79FA8112204063B30063099F /* UserRegistrationViewController.swift */,
			);
			path = Authentication;
			sourceTree = "<group>";
		};
		79B132B8203DEA6A00250A67 = {
			isa = PBXGroup;
			children = (
				79B132C3203DEA6A00250A67 /* RunAid */,
				79D2808D2046B80200B44469 /* RunAidWatchApp */,
				79D2809C2046B80200B44469 /* RunAidWatchApp Extension */,
				79B132C2203DEA6A00250A67 /* Products */,
				C633F1E5A885D1A26DA87E63 /* Pods */,
				FB2A048D8FDCC55DD55286F0 /* Frameworks */,
			);
			sourceTree = "<group>";
		};
		79B132C2203DEA6A00250A67 /* Products */ = {
			isa = PBXGroup;
			children = (
				79B132C1203DEA6A00250A67 /* RunAid.app */,
				79D2808C2046B80200B44469 /* RunAidWatchApp.app */,
				79D280982046B80200B44469 /* RunAidWatchApp Extension.appex */,
			);
			name = Products;
			sourceTree = "<group>";
		};
		79B132C3203DEA6A00250A67 /* RunAid */ = {
			isa = PBXGroup;
			children = (
				792C3825203EEDA400EF6D8C /* Authentication */,
				79D280842045CFAF00B44469 /* Extensions */,
				79D280852045CFC500B44469 /* Storyboards */,
				791C46A92044BF4900A47402 /* Utils */,
				791C46A82044BEAB00A47402 /* Views */,
				79B132C4203DEA6A00250A67 /* AppDelegate.swift */,
				79B132CD203DEA6A00250A67 /* Assets.xcassets */,
				79B132D2203DEA6A00250A67 /* Info.plist */,
				79B132DC203DF34E00250A67 /* awsconfiguration.json */,
			);
			path = RunAid;
			sourceTree = "<group>";
		};
		79D280842045CFAF00B44469 /* Extensions */ = {
			isa = PBXGroup;
			children = (
				79D280822045CF4200B44469 /* UIViewControllerExtension.swift */,
			);
			path = Extensions;
			sourceTree = "<group>";
		};
		79D280852045CFC500B44469 /* Storyboards */ = {
			isa = PBXGroup;
			children = (
				79B132CF203DEA6A00250A67 /* LaunchScreen.storyboard */,
				79B132CA203DEA6A00250A67 /* Main.storyboard */,
			);
			path = Storyboards;
			sourceTree = "<group>";
		};
		79D2808D2046B80200B44469 /* RunAidWatchApp */ = {
			isa = PBXGroup;
			children = (
				79D2808E2046B80200B44469 /* Interface.storyboard */,
				79D280912046B80200B44469 /* Assets.xcassets */,
				79D280932046B80200B44469 /* Info.plist */,
			);
			path = RunAidWatchApp;
			sourceTree = "<group>";
		};
		79D2809C2046B80200B44469 /* RunAidWatchApp Extension */ = {
			isa = PBXGroup;
			children = (
				79D280B32046E04400B44469 /* HomeController.swift */,
				79D2809F2046B80200B44469 /* ExtensionDelegate.swift */,
				79D280A12046B80200B44469 /* Assets.xcassets */,
				79D280A32046B80200B44469 /* Info.plist */,
			);
			path = "RunAidWatchApp Extension";
			sourceTree = "<group>";
		};
		C633F1E5A885D1A26DA87E63 /* Pods */ = {
			isa = PBXGroup;
			children = (
				ED89DF6F8BD924F039A9D0F4 /* Pods-RunAid.debug.xcconfig */,
				049FAF4354C0D86EE9B17FB0 /* Pods-RunAid.release.xcconfig */,
			);
			name = Pods;
			sourceTree = "<group>";
		};
		FB2A048D8FDCC55DD55286F0 /* Frameworks */ = {
			isa = PBXGroup;
			children = (
				F3C27EB44D3B6FCD9ACF8B09 /* Pods_RunAid.framework */,
			);
			name = Frameworks;
			sourceTree = "<group>";
		};
/* End PBXGroup section */

/* Begin PBXNativeTarget section */
		79B132C0203DEA6A00250A67 /* RunAid */ = {
			isa = PBXNativeTarget;
			buildConfigurationList = 79B132D5203DEA6A00250A67 /* Build configuration list for PBXNativeTarget "RunAid" */;
			buildPhases = (
				71EA6BCC9DDF3B17BC7929D2 /* [CP] Check Pods Manifest.lock */,
				79B132BD203DEA6A00250A67 /* Sources */,
				79B132BE203DEA6A00250A67 /* Frameworks */,
				79B132BF203DEA6A00250A67 /* Resources */,
				9B44922CD988758EA27661A0 /* [CP] Embed Pods Frameworks */,
				6CD2365FEAA147A432A83C45 /* [CP] Copy Pods Resources */,
				79D280AE2046B80200B44469 /* Embed Watch Content */,
			);
			buildRules = (
			);
			dependencies = (
				79D280A52046B80200B44469 /* PBXTargetDependency */,
			);
			name = RunAid;
			productName = RunAid;
			productReference = 79B132C1203DEA6A00250A67 /* RunAid.app */;
			productType = "com.apple.product-type.application";
		};
		79D2808B2046B80200B44469 /* RunAidWatchApp */ = {
			isa = PBXNativeTarget;
			buildConfigurationList = 79D280AB2046B80200B44469 /* Build configuration list for PBXNativeTarget "RunAidWatchApp" */;
			buildPhases = (
				79D2808A2046B80200B44469 /* Resources */,
				79D280AA2046B80200B44469 /* Embed App Extensions */,
			);
			buildRules = (
			);
			dependencies = (
				79D2809B2046B80200B44469 /* PBXTargetDependency */,
			);
			name = RunAidWatchApp;
			productName = RunAidWatchApp;
			productReference = 79D2808C2046B80200B44469 /* RunAidWatchApp.app */;
			productType = "com.apple.product-type.application.watchapp2";
		};
		79D280972046B80200B44469 /* RunAidWatchApp Extension */ = {
			isa = PBXNativeTarget;
			buildConfigurationList = 79D280A72046B80200B44469 /* Build configuration list for PBXNativeTarget "RunAidWatchApp Extension" */;
			buildPhases = (
				79D280942046B80200B44469 /* Sources */,
				79D280952046B80200B44469 /* Frameworks */,
				79D280962046B80200B44469 /* Resources */,
			);
			buildRules = (
			);
			dependencies = (
			);
			name = "RunAidWatchApp Extension";
			productName = "RunAidWatchApp Extension";
			productReference = 79D280982046B80200B44469 /* RunAidWatchApp Extension.appex */;
			productType = "com.apple.product-type.watchkit2-extension";
		};
/* End PBXNativeTarget section */

/* Begin PBXProject section */
		79B132B9203DEA6A00250A67 /* Project object */ = {
			isa = PBXProject;
			attributes = {
				LastSwiftUpdateCheck = 0920;
				LastUpgradeCheck = 0920;
				ORGANIZATIONNAME = "Arran Dacres";
				TargetAttributes = {
					79B132C0203DEA6A00250A67 = {
						CreatedOnToolsVersion = 9.2;
						ProvisioningStyle = Automatic;
					};
					79D2808B2046B80200B44469 = {
						CreatedOnToolsVersion = 9.2;
						ProvisioningStyle = Automatic;
					};
					79D280972046B80200B44469 = {
						CreatedOnToolsVersion = 9.2;
						ProvisioningStyle = Automatic;
					};
				};
			};
			buildConfigurationList = 79B132BC203DEA6A00250A67 /* Build configuration list for PBXProject "RunAid" */;
			compatibilityVersion = "Xcode 8.0";
			developmentRegion = en;
			hasScannedForEncodings = 0;
			knownRegions = (
				en,
				Base,
			);
			mainGroup = 79B132B8203DEA6A00250A67;
			productRefGroup = 79B132C2203DEA6A00250A67 /* Products */;
			projectDirPath = "";
			projectRoot = "";
			targets = (
				79B132C0203DEA6A00250A67 /* RunAid */,
				79D2808B2046B80200B44469 /* RunAidWatchApp */,
				79D280972046B80200B44469 /* RunAidWatchApp Extension */,
			);
		};
/* End PBXProject section */

/* Begin PBXResourcesBuildPhase section */
		79B132BF203DEA6A00250A67 /* Resources */ = {
			isa = PBXResourcesBuildPhase;
			buildActionMask = 2147483647;
			files = (
				79B132DD203DF34E00250A67 /* awsconfiguration.json in Resources */,
				79B132D1203DEA6A00250A67 /* LaunchScreen.storyboard in Resources */,
				79B132CE203DEA6A00250A67 /* Assets.xcassets in Resources */,
				79B132CC203DEA6A00250A67 /* Main.storyboard in Resources */,
			);
			runOnlyForDeploymentPostprocessing = 0;
		};
		79D2808A2046B80200B44469 /* Resources */ = {
			isa = PBXResourcesBuildPhase;
			buildActionMask = 2147483647;
			files = (
				79D280922046B80200B44469 /* Assets.xcassets in Resources */,
				79D280902046B80200B44469 /* Interface.storyboard in Resources */,
			);
			runOnlyForDeploymentPostprocessing = 0;
		};
		79D280962046B80200B44469 /* Resources */ = {
			isa = PBXResourcesBuildPhase;
			buildActionMask = 2147483647;
			files = (
				79D280A22046B80200B44469 /* Assets.xcassets in Resources */,
			);
			runOnlyForDeploymentPostprocessing = 0;
		};
/* End PBXResourcesBuildPhase section */

/* Begin PBXShellScriptBuildPhase section */
		6CD2365FEAA147A432A83C45 /* [CP] Copy Pods Resources */ = {
			isa = PBXShellScriptBuildPhase;
			buildActionMask = 2147483647;
			files = (
			);
			inputPaths = (
			);
			name = "[CP] Copy Pods Resources";
			outputPaths = (
			);
			runOnlyForDeploymentPostprocessing = 0;
			shellPath = /bin/sh;
			shellScript = "\"${SRCROOT}/Pods/Target Support Files/Pods-RunAid/Pods-RunAid-resources.sh\"\n";
			showEnvVarsInLog = 0;
		};
		71EA6BCC9DDF3B17BC7929D2 /* [CP] Check Pods Manifest.lock */ = {
			isa = PBXShellScriptBuildPhase;
			buildActionMask = 2147483647;
			files = (
			);
			inputPaths = (
				"${PODS_PODFILE_DIR_PATH}/Podfile.lock",
				"${PODS_ROOT}/Manifest.lock",
			);
			name = "[CP] Check Pods Manifest.lock";
			outputPaths = (
				"$(DERIVED_FILE_DIR)/Pods-RunAid-checkManifestLockResult.txt",
			);
			runOnlyForDeploymentPostprocessing = 0;
			shellPath = /bin/sh;
			shellScript = "diff \"${PODS_PODFILE_DIR_PATH}/Podfile.lock\" \"${PODS_ROOT}/Manifest.lock\" > /dev/null\nif [ $? != 0 ] ; then\n    # print error to STDERR\n    echo \"error: The sandbox is not in sync with the Podfile.lock. Run 'pod install' or update your CocoaPods installation.\" >&2\n    exit 1\nfi\n# This output is used by Xcode 'outputs' to avoid re-running this script phase.\necho \"SUCCESS\" > \"${SCRIPT_OUTPUT_FILE_0}\"\n";
			showEnvVarsInLog = 0;
		};
		9B44922CD988758EA27661A0 /* [CP] Embed Pods Frameworks */ = {
			isa = PBXShellScriptBuildPhase;
			buildActionMask = 2147483647;
			files = (
			);
			inputPaths = (
				"${SRCROOT}/Pods/Target Support Files/Pods-RunAid/Pods-RunAid-frameworks.sh",
				"${BUILT_PRODUCTS_DIR}/AWSAuthCore/AWSAuthCore.framework",
				"${BUILT_PRODUCTS_DIR}/AWSAuthUI/AWSAuthUI.framework",
				"${BUILT_PRODUCTS_DIR}/AWSCognitoIdentityProvider/AWSCognitoIdentityProvider.framework",
				"${BUILT_PRODUCTS_DIR}/AWSCognitoIdentityProviderASF/AWSCognitoIdentityProviderASF.framework",
				"${BUILT_PRODUCTS_DIR}/AWSCore/AWSCore.framework",
			);
			name = "[CP] Embed Pods Frameworks";
			outputPaths = (
				"${TARGET_BUILD_DIR}/${FRAMEWORKS_FOLDER_PATH}/AWSAuthCore.framework",
				"${TARGET_BUILD_DIR}/${FRAMEWORKS_FOLDER_PATH}/AWSAuthUI.framework",
				"${TARGET_BUILD_DIR}/${FRAMEWORKS_FOLDER_PATH}/AWSCognitoIdentityProvider.framework",
				"${TARGET_BUILD_DIR}/${FRAMEWORKS_FOLDER_PATH}/AWSCognitoIdentityProviderASF.framework",
				"${TARGET_BUILD_DIR}/${FRAMEWORKS_FOLDER_PATH}/AWSCore.framework",
			);
			runOnlyForDeploymentPostprocessing = 0;
			shellPath = /bin/sh;
			shellScript = "\"${SRCROOT}/Pods/Target Support Files/Pods-RunAid/Pods-RunAid-frameworks.sh\"\n";
			showEnvVarsInLog = 0;
		};
/* End PBXShellScriptBuildPhase section */

/* Begin PBXSourcesBuildPhase section */
		79B132BD203DEA6A00250A67 /* Sources */ = {
			isa = PBXSourcesBuildPhase;
			buildActionMask = 2147483647;
			files = (
				79FA8113204063B30063099F /* UserRegistrationViewController.swift in Sources */,
				79FA8115204072820063099F /* AlertCreatorExtension.swift in Sources */,
				79B132C9203DEA6A00250A67 /* SettingsViewController.swift in Sources */,
				79B132C5203DEA6A00250A67 /* AppDelegate.swift in Sources */,
				79D280872045DB0400B44469 /* RoundedButton.swift in Sources */,
				79D280892045E60700B44469 /* ColorBorderTextField.swift in Sources */,
				79D280832045CF4200B44469 /* UIViewControllerExtension.swift in Sources */,
				79B132C7203DEA6A00250A67 /* ProfileViewController.swift in Sources */,
				791C46A72044B7B200A47402 /* HomeViewController.swift in Sources */,
				792C3824203EED0E00EF6D8C /* LoginViewController.swift in Sources */,
			);
			runOnlyForDeploymentPostprocessing = 0;
		};
		79D280942046B80200B44469 /* Sources */ = {
			isa = PBXSourcesBuildPhase;
			buildActionMask = 2147483647;
			files = (
				79D280A02046B80200B44469 /* ExtensionDelegate.swift in Sources */,
				79D280B42046E04400B44469 /* HomeController.swift in Sources */,
			);
			runOnlyForDeploymentPostprocessing = 0;
		};
/* End PBXSourcesBuildPhase section */

/* Begin PBXTargetDependency section */
		79D2809B2046B80200B44469 /* PBXTargetDependency */ = {
			isa = PBXTargetDependency;
			target = 79D280972046B80200B44469 /* RunAidWatchApp Extension */;
			targetProxy = 79D2809A2046B80200B44469 /* PBXContainerItemProxy */;
		};
		79D280A52046B80200B44469 /* PBXTargetDependency */ = {
			isa = PBXTargetDependency;
			target = 79D2808B2046B80200B44469 /* RunAidWatchApp */;
			targetProxy = 79D280A42046B80200B44469 /* PBXContainerItemProxy */;
		};
/* End PBXTargetDependency section */

/* Begin PBXVariantGroup section */
		79B132CA203DEA6A00250A67 /* Main.storyboard */ = {
			isa = PBXVariantGroup;
			children = (
				79B132CB203DEA6A00250A67 /* Base */,
			);
			name = Main.storyboard;
			sourceTree = "<group>";
		};
		79B132CF203DEA6A00250A67 /* LaunchScreen.storyboard */ = {
			isa = PBXVariantGroup;
			children = (
				79B132D0203DEA6A00250A67 /* Base */,
			);
			name = LaunchScreen.storyboard;
			sourceTree = "<group>";
		};
		79D2808E2046B80200B44469 /* Interface.storyboard */ = {
			isa = PBXVariantGroup;
			children = (
				79D2808F2046B80200B44469 /* Base */,
			);
			name = Interface.storyboard;
			sourceTree = "<group>";
		};
/* End PBXVariantGroup section */

/* Begin XCBuildConfiguration section */
		79B132D3203DEA6A00250A67 /* Debug */ = {
			isa = XCBuildConfiguration;
			buildSettings = {
				ALWAYS_SEARCH_USER_PATHS = NO;
				CLANG_ANALYZER_NONNULL = YES;
				CLANG_ANALYZER_NUMBER_OBJECT_CONVERSION = YES_AGGRESSIVE;
				CLANG_CXX_LANGUAGE_STANDARD = "gnu++14";
				CLANG_CXX_LIBRARY = "libc++";
				CLANG_ENABLE_MODULES = YES;
				CLANG_ENABLE_OBJC_ARC = YES;
				CLANG_WARN_BLOCK_CAPTURE_AUTORELEASING = YES;
				CLANG_WARN_BOOL_CONVERSION = YES;
				CLANG_WARN_COMMA = YES;
				CLANG_WARN_CONSTANT_CONVERSION = YES;
				CLANG_WARN_DIRECT_OBJC_ISA_USAGE = YES_ERROR;
				CLANG_WARN_DOCUMENTATION_COMMENTS = YES;
				CLANG_WARN_EMPTY_BODY = YES;
				CLANG_WARN_ENUM_CONVERSION = YES;
				CLANG_WARN_INFINITE_RECURSION = YES;
				CLANG_WARN_INT_CONVERSION = YES;
				CLANG_WARN_NON_LITERAL_NULL_CONVERSION = YES;
				CLANG_WARN_OBJC_LITERAL_CONVERSION = YES;
				CLANG_WARN_OBJC_ROOT_CLASS = YES_ERROR;
				CLANG_WARN_RANGE_LOOP_ANALYSIS = YES;
				CLANG_WARN_STRICT_PROTOTYPES = YES;
				CLANG_WARN_SUSPICIOUS_MOVE = YES;
				CLANG_WARN_UNGUARDED_AVAILABILITY = YES_AGGRESSIVE;
				CLANG_WARN_UNREACHABLE_CODE = YES;
				CLANG_WARN__DUPLICATE_METHOD_MATCH = YES;
				CODE_SIGN_IDENTITY = "iPhone Developer";
				COPY_PHASE_STRIP = NO;
				DEBUG_INFORMATION_FORMAT = dwarf;
				ENABLE_STRICT_OBJC_MSGSEND = YES;
				ENABLE_TESTABILITY = YES;
				GCC_C_LANGUAGE_STANDARD = gnu11;
				GCC_DYNAMIC_NO_PIC = NO;
				GCC_NO_COMMON_BLOCKS = YES;
				GCC_OPTIMIZATION_LEVEL = 0;
				GCC_PREPROCESSOR_DEFINITIONS = (
					"DEBUG=1",
					"$(inherited)",
				);
				GCC_WARN_64_TO_32_BIT_CONVERSION = YES;
				GCC_WARN_ABOUT_RETURN_TYPE = YES_ERROR;
				GCC_WARN_UNDECLARED_SELECTOR = YES;
				GCC_WARN_UNINITIALIZED_AUTOS = YES_AGGRESSIVE;
				GCC_WARN_UNUSED_FUNCTION = YES;
				GCC_WARN_UNUSED_VARIABLE = YES;
				IPHONEOS_DEPLOYMENT_TARGET = 11.2;
				MTL_ENABLE_DEBUG_INFO = YES;
				ONLY_ACTIVE_ARCH = YES;
				SDKROOT = iphoneos;
				SWIFT_ACTIVE_COMPILATION_CONDITIONS = DEBUG;
				SWIFT_OPTIMIZATION_LEVEL = "-Onone";
			};
			name = Debug;
		};
		79B132D4203DEA6A00250A67 /* Release */ = {
			isa = XCBuildConfiguration;
			buildSettings = {
				ALWAYS_SEARCH_USER_PATHS = NO;
				CLANG_ANALYZER_NONNULL = YES;
				CLANG_ANALYZER_NUMBER_OBJECT_CONVERSION = YES_AGGRESSIVE;
				CLANG_CXX_LANGUAGE_STANDARD = "gnu++14";
				CLANG_CXX_LIBRARY = "libc++";
				CLANG_ENABLE_MODULES = YES;
				CLANG_ENABLE_OBJC_ARC = YES;
				CLANG_WARN_BLOCK_CAPTURE_AUTORELEASING = YES;
				CLANG_WARN_BOOL_CONVERSION = YES;
				CLANG_WARN_COMMA = YES;
				CLANG_WARN_CONSTANT_CONVERSION = YES;
				CLANG_WARN_DIRECT_OBJC_ISA_USAGE = YES_ERROR;
				CLANG_WARN_DOCUMENTATION_COMMENTS = YES;
				CLANG_WARN_EMPTY_BODY = YES;
				CLANG_WARN_ENUM_CONVERSION = YES;
				CLANG_WARN_INFINITE_RECURSION = YES;
				CLANG_WARN_INT_CONVERSION = YES;
				CLANG_WARN_NON_LITERAL_NULL_CONVERSION = YES;
				CLANG_WARN_OBJC_LITERAL_CONVERSION = YES;
				CLANG_WARN_OBJC_ROOT_CLASS = YES_ERROR;
				CLANG_WARN_RANGE_LOOP_ANALYSIS = YES;
				CLANG_WARN_STRICT_PROTOTYPES = YES;
				CLANG_WARN_SUSPICIOUS_MOVE = YES;
				CLANG_WARN_UNGUARDED_AVAILABILITY = YES_AGGRESSIVE;
				CLANG_WARN_UNREACHABLE_CODE = YES;
				CLANG_WARN__DUPLICATE_METHOD_MATCH = YES;
				CODE_SIGN_IDENTITY = "iPhone Developer";
				COPY_PHASE_STRIP = NO;
				DEBUG_INFORMATION_FORMAT = "dwarf-with-dsym";
				ENABLE_NS_ASSERTIONS = NO;
				ENABLE_STRICT_OBJC_MSGSEND = YES;
				GCC_C_LANGUAGE_STANDARD = gnu11;
				GCC_NO_COMMON_BLOCKS = YES;
				GCC_WARN_64_TO_32_BIT_CONVERSION = YES;
				GCC_WARN_ABOUT_RETURN_TYPE = YES_ERROR;
				GCC_WARN_UNDECLARED_SELECTOR = YES;
				GCC_WARN_UNINITIALIZED_AUTOS = YES_AGGRESSIVE;
				GCC_WARN_UNUSED_FUNCTION = YES;
				GCC_WARN_UNUSED_VARIABLE = YES;
				IPHONEOS_DEPLOYMENT_TARGET = 11.2;
				MTL_ENABLE_DEBUG_INFO = NO;
				SDKROOT = iphoneos;
				SWIFT_OPTIMIZATION_LEVEL = "-Owholemodule";
				VALIDATE_PRODUCT = YES;
			};
			name = Release;
		};
		79B132D6203DEA6A00250A67 /* Debug */ = {
			isa = XCBuildConfiguration;
			baseConfigurationReference = ED89DF6F8BD924F039A9D0F4 /* Pods-RunAid.debug.xcconfig */;
			buildSettings = {
				ASSETCATALOG_COMPILER_APPICON_NAME = AppIcon;
				CODE_SIGN_STYLE = Automatic;
				INFOPLIST_FILE = RunAid/Info.plist;
				LD_RUNPATH_SEARCH_PATHS = "$(inherited) @executable_path/Frameworks";
				PRODUCT_BUNDLE_IDENTIFIER = com.arrandacres.RunAid;
				PRODUCT_NAME = "$(TARGET_NAME)";
				SWIFT_VERSION = 4.0;
				TARGETED_DEVICE_FAMILY = "1,2";
			};
			name = Debug;
		};
		79B132D7203DEA6A00250A67 /* Release */ = {
			isa = XCBuildConfiguration;
			baseConfigurationReference = 049FAF4354C0D86EE9B17FB0 /* Pods-RunAid.release.xcconfig */;
			buildSettings = {
				ASSETCATALOG_COMPILER_APPICON_NAME = AppIcon;
				CODE_SIGN_STYLE = Automatic;
				INFOPLIST_FILE = RunAid/Info.plist;
				LD_RUNPATH_SEARCH_PATHS = "$(inherited) @executable_path/Frameworks";
				PRODUCT_BUNDLE_IDENTIFIER = com.arrandacres.RunAid;
				PRODUCT_NAME = "$(TARGET_NAME)";
				SWIFT_VERSION = 4.0;
				TARGETED_DEVICE_FAMILY = "1,2";
			};
			name = Release;
		};
		79D280A82046B80200B44469 /* Debug */ = {
			isa = XCBuildConfiguration;
			buildSettings = {
				ASSETCATALOG_COMPILER_COMPLICATION_NAME = Complication;
				CODE_SIGN_STYLE = Automatic;
				INFOPLIST_FILE = "RunAidWatchApp Extension/Info.plist";
				LD_RUNPATH_SEARCH_PATHS = "$(inherited) @executable_path/Frameworks @executable_path/../../Frameworks";
				PRODUCT_BUNDLE_IDENTIFIER = com.arrandacres.RunAid.watchkitapp.watchkitextension;
				PRODUCT_NAME = "${TARGET_NAME}";
				SDKROOT = watchos;
				SKIP_INSTALL = YES;
				SWIFT_VERSION = 4.0;
				TARGETED_DEVICE_FAMILY = 4;
				WATCHOS_DEPLOYMENT_TARGET = 4.2;
			};
			name = Debug;
		};
		79D280A92046B80200B44469 /* Release */ = {
			isa = XCBuildConfiguration;
			buildSettings = {
				ASSETCATALOG_COMPILER_COMPLICATION_NAME = Complication;
				CODE_SIGN_STYLE = Automatic;
				INFOPLIST_FILE = "RunAidWatchApp Extension/Info.plist";
				LD_RUNPATH_SEARCH_PATHS = "$(inherited) @executable_path/Frameworks @executable_path/../../Frameworks";
				PRODUCT_BUNDLE_IDENTIFIER = com.arrandacres.RunAid.watchkitapp.watchkitextension;
				PRODUCT_NAME = "${TARGET_NAME}";
				SDKROOT = watchos;
				SKIP_INSTALL = YES;
				SWIFT_VERSION = 4.0;
				TARGETED_DEVICE_FAMILY = 4;
				WATCHOS_DEPLOYMENT_TARGET = 4.2;
			};
			name = Release;
		};
		79D280AC2046B80200B44469 /* Debug */ = {
			isa = XCBuildConfiguration;
			buildSettings = {
				ALWAYS_EMBED_SWIFT_STANDARD_LIBRARIES = YES;
				ASSETCATALOG_COMPILER_APPICON_NAME = AppIcon;
				CODE_SIGN_STYLE = Automatic;
				IBSC_MODULE = RunAidWatchApp_Extension;
				INFOPLIST_FILE = RunAidWatchApp/Info.plist;
				PRODUCT_BUNDLE_IDENTIFIER = com.arrandacres.RunAid.watchkitapp;
				PRODUCT_NAME = "$(TARGET_NAME)";
				SDKROOT = watchos;
				SKIP_INSTALL = YES;
				SWIFT_VERSION = 4.0;
				TARGETED_DEVICE_FAMILY = 4;
				WATCHOS_DEPLOYMENT_TARGET = 4.2;
			};
			name = Debug;
		};
		79D280AD2046B80200B44469 /* Release */ = {
			isa = XCBuildConfiguration;
			buildSettings = {
				ALWAYS_EMBED_SWIFT_STANDARD_LIBRARIES = YES;
				ASSETCATALOG_COMPILER_APPICON_NAME = AppIcon;
				CODE_SIGN_STYLE = Automatic;
				IBSC_MODULE = RunAidWatchApp_Extension;
				INFOPLIST_FILE = RunAidWatchApp/Info.plist;
				PRODUCT_BUNDLE_IDENTIFIER = com.arrandacres.RunAid.watchkitapp;
				PRODUCT_NAME = "$(TARGET_NAME)";
				SDKROOT = watchos;
				SKIP_INSTALL = YES;
				SWIFT_VERSION = 4.0;
				TARGETED_DEVICE_FAMILY = 4;
				WATCHOS_DEPLOYMENT_TARGET = 4.2;
			};
			name = Release;
		};
/* End XCBuildConfiguration section */

/* Begin XCConfigurationList section */
		79B132BC203DEA6A00250A67 /* Build configuration list for PBXProject "RunAid" */ = {
			isa = XCConfigurationList;
			buildConfigurations = (
				79B132D3203DEA6A00250A67 /* Debug */,
				79B132D4203DEA6A00250A67 /* Release */,
			);
			defaultConfigurationIsVisible = 0;
			defaultConfigurationName = Release;
		};
		79B132D5203DEA6A00250A67 /* Build configuration list for PBXNativeTarget "RunAid" */ = {
			isa = XCConfigurationList;
			buildConfigurations = (
				79B132D6203DEA6A00250A67 /* Debug */,
				79B132D7203DEA6A00250A67 /* Release */,
			);
			defaultConfigurationIsVisible = 0;
			defaultConfigurationName = Release;
		};
		79D280A72046B80200B44469 /* Build configuration list for PBXNativeTarget "RunAidWatchApp Extension" */ = {
			isa = XCConfigurationList;
			buildConfigurations = (
				79D280A82046B80200B44469 /* Debug */,
				79D280A92046B80200B44469 /* Release */,
			);
			defaultConfigurationIsVisible = 0;
			defaultConfigurationName = Release;
		};
		79D280AB2046B80200B44469 /* Build configuration list for PBXNativeTarget "RunAidWatchApp" */ = {
			isa = XCConfigurationList;
			buildConfigurations = (
				79D280AC2046B80200B44469 /* Debug */,
				79D280AD2046B80200B44469 /* Release */,
			);
			defaultConfigurationIsVisible = 0;
			defaultConfigurationName = Release;
		};
/* End XCConfigurationList section */
	};
	rootObject = 79B132B9203DEA6A00250A67 /* Project object */;
}
